
Microsoft Visual Studio Solution File, Format Version 12.00
# Visual Studio Version 17
VisualStudioVersion = 17.4.33213.308
MinimumVisualStudioVersion = 10.0.40219.1
Project("{9A19103F-16F7-4668-BE54-9A1E7A4F7556}") = "CompStore", "CompStore\CompStore.csproj", "{3A16CF84-1694-4EE4-8C24-4198F425AE2A}"
EndProject
Project("{9A19103F-16F7-4668-BE54-9A1E7A4F7556}") = "Bll", "Bll\Bll.csproj", "{02688708-6C47-4637-AF88-FDBA9D5A56A4}"
EndProject
Project("{9A19103F-16F7-4668-BE54-9A1E7A4F7556}") = "Dll", "Dll\Dll.csproj", "{998BCDFC-F492-44E2-895A-2BFC681EED82}"
EndProject
Project("{9A19103F-16F7-4668-BE54-9A1E7A4F7556}") = "Domain", "Domain\Domain.csproj", "{F79127ED-1941-49A6-9A11-B0906B7274FB}"
EndProject
Global
	GlobalSection(SolutionConfigurationPlatforms) = preSolution
		Debug|Any CPU = Debug|Any CPU
		Release|Any CPU = Release|Any CPU
	EndGlobalSection
	GlobalSection(ProjectConfigurationPlatforms) = postSolution
		{3A16CF84-1694-4EE4-8C24-4198F425AE2A}.Debug|Any CPU.ActiveCfg = Debug|Any CPU
		{3A16CF84-1694-4EE4-8C24-4198F425AE2A}.Debug|Any CPU.Build.0 = Debug|Any CPU
		{3A16CF84-1694-4EE4-8C24-4198F425AE2A}.Release|Any CPU.ActiveCfg = Release|Any CPU
		{3A16CF84-1694-4EE4-8C24-4198F425AE2A}.Release|Any CPU.Build.0 = Release|Any CPU
		{02688708-6C47-4637-AF88-FDBA9D5A56A4}.Debug|Any CPU.ActiveCfg = Debug|Any CPU
		{02688708-6C47-4637-AF88-FDBA9D5A56A4}.Debug|Any CPU.Build.0 = Debug|Any CPU
		{02688708-6C47-4637-AF88-FDBA9D5A56A4}.Release|Any CPU.ActiveCfg = Release|Any CPU
		{02688708-6C47-4637-AF88-FDBA9D5A56A4}.Release|Any CPU.Build.0 = Release|Any CPU
		{998BCDFC-F492-44E2-895A-2BFC681EED82}.Debug|Any CPU.ActiveCfg = Debug|Any CPU
		{998BCDFC-F492-44E2-895A-2BFC681EED82}.Debug|Any CPU.Build.0 = Debug|Any CPU
		{998BCDFC-F492-44E2-895A-2BFC681EED82}.Release|Any CPU.ActiveCfg = Release|Any CPU
		{998BCDFC-F492-44E2-895A-2BFC681EED82}.Release|Any CPU.Build.0 = Release|Any CPU
		{F79127ED-1941-49A6-9A11-B0906B7274FB}.Debug|Any CPU.ActiveCfg = Debug|Any CPU
		{F79127ED-1941-49A6-9A11-B0906B7274FB}.Debug|Any CPU.Build.0 = Debug|Any CPU
		{F79127ED-1941-49A6-9A11-B0906B7274FB}.Release|Any CPU.ActiveCfg = Release|Any CPU
		{F79127ED-1941-49A6-9A11-B0906B7274FB}.Release|Any CPU.Build.0 = Release|Any CPU
	EndGlobalSection
	GlobalSection(SolutionProperties) = preSolution
		HideSolutionNode = FALSE
	EndGlobalSection
	GlobalSection(ExtensibilityGlobals) = postSolution
		SolutionGuid = {02FB6AE1-1B96-4AF9-B906-78134468CCA0}
	EndGlobalSection
EndGlobal
